
Microsoft Visual Studio Solution File, Format Version 12.00
# Visual Studio 15
VisualStudioVersion = 15.0.27130.2036
MinimumVisualStudioVersion = 10.0.40219.1
Project("{FAE04EC0-301F-11D3-BF4B-00C04F79EFBC}") = "DllViewer", "DllViewer\DllViewer.csproj", "{B5333DAC-C9F4-42A4-B5D1-CE15798F1668}"
EndProject
Global
	GlobalSection(SolutionConfigurationPlatforms) = preSolution
		Debug|Any CPU = Debug|Any CPU
		Release|Any CPU = Release|Any CPU
	EndGlobalSection
	GlobalSection(ProjectConfigurationPlatforms) = postSolution
		{B5333DAC-C9F4-42A4-B5D1-CE15798F1668}.Debug|Any CPU.ActiveCfg = Debug|Any CPU
		{B5333DAC-C9F4-42A4-B5D1-CE15798F1668}.Debug|Any CPU.Build.0 = Debug|Any CPU
		{B5333DAC-C9F4-42A4-B5D1-CE15798F1668}.Release|Any CPU.ActiveCfg = Release|Any CPU
		{B5333DAC-C9F4-42A4-B5D1-CE15798F1668}.Release|Any CPU.Build.0 = Release|Any CPU
	EndGlobalSection
	GlobalSection(SolutionProperties) = preSolution
		HideSolutionNode = FALSE
	EndGlobalSection
	GlobalSection(ExtensibilityGlobals) = postSolution
		SolutionGuid = {35CE503B-64F8-4957-AFD0-CF912EA12D21}
	EndGlobalSection
EndGlobal
